dependencies:
- name: argo-workflows
  repository: https://argoproj.github.io/argo-helm
  version: 0.45.28
- name: postgresql
  repository: https://charts.bitnami.com/bitnami
  version: 15.5.17
digest: sha256:96242786c989ffc363eca9fedf7e74c9e67de4f8c45098af5d7316886f2458e2
generated: "2026-03-05T14:15:26.127861451Z"
