dependencies:
- name: argo-workflows
  repository: https://argoproj.github.io/argo-helm
  version: 1.0.13
- name: postgresql
  repository: https://charts.bitnami.com/bitnami
  version: 15.5.17
- name: rustfs
  repository: https://charts.rustfs.com
  version: 1.0.0-beta.1
digest: sha256:2bc25c35d9d76ebaaa0a6f8ca5aaa7542b411a21c82f06ec4ee4fee81ddd1cba
generated: "2026-04-29T21:33:13.19233937+01:00"
