dependencies:
- name: argo-workflows
  repository: https://argoproj.github.io/argo-helm
  version: 0.45.28
- name: postgresql
  repository: https://charts.bitnami.com/bitnami
  version: 15.5.17
- name: rustfs
  repository: https://charts.rustfs.com
  version: 0.1.0
digest: sha256:e901aec732b3d8cd8ddba992e7b55f0d326bee09d759905543ef6a0ccece5034
generated: "2026-05-03T13:42:42.771416829+01:00"
